
Microsoft Visual Studio Solution File, Format Version 12.00
# Visual Studio Version 17
VisualStudioVersion = 17.10.35013.160
MinimumVisualStudioVersion = 10.0.40219.1
Project("{FAE04EC0-301F-11D3-BF4B-00C04F79EFBC}") = "MITIENDA.API", "MITIENDA.API\MITIENDA.API.csproj", "{CC0EB575-7035-485F-98B7-781DAB6A1C87}"
EndProject
Project("{FAE04EC0-301F-11D3-BF4B-00C04F79EFBC}") = "MITIENDA.DAL", "MITIENDA.DAL\MITIENDA.DAL.csproj", "{899390B9-08FA-4D15-BE3D-BF080F6A27E0}"
EndProject
Project("{FAE04EC0-301F-11D3-BF4B-00C04F79EFBC}") = "MITIENDA.BLL", "MITIENDA.BLL\MITIENDA.BLL.csproj", "{0D933253-59B8-4807-A466-365EAA247908}"
EndProject
Project("{FAE04EC0-301F-11D3-BF4B-00C04F79EFBC}") = "MITIENDA.IOC", "MITIENDA.IOC\MITIENDA.IOC.csproj", "{E109F0C0-B609-4C79-9EF0-50D998D26B9B}"
EndProject
Project("{FAE04EC0-301F-11D3-BF4B-00C04F79EFBC}") = "MITIENDA.Models", "MITIENDA.Models\MITIENDA.Models.csproj", "{CEA9F706-E4E5-4625-89F1-29BA1E1CBB58}"
EndProject
Project("{FAE04EC0-301F-11D3-BF4B-00C04F79EFBC}") = "MITIENDA.Utility", "MITIENDA.Utility\MITIENDA.Utility.csproj", "{74F4CE20-96AE-4720-8038-1FCDF9D86735}"
EndProject
Project("{FAE04EC0-301F-11D3-BF4B-00C04F79EFBC}") = "MITIENDA.DTO", "MITIENDA.DTO\MITIENDA.DTO.csproj", "{F821A587-AC80-4EC0-B7A7-5CE0AA72E731}"
EndProject
Global
	GlobalSection(SolutionConfigurationPlatforms) = preSolution
		Debug|Any CPU = Debug|Any CPU
		Release|Any CPU = Release|Any CPU
	EndGlobalSection
	GlobalSection(ProjectConfigurationPlatforms) = postSolution
		{CC0EB575-7035-485F-98B7-781DAB6A1C87}.Debug|Any CPU.ActiveCfg = Debug|Any CPU
		{CC0EB575-7035-485F-98B7-781DAB6A1C87}.Debug|Any CPU.Build.0 = Debug|Any CPU
		{CC0EB575-7035-485F-98B7-781DAB6A1C87}.Release|Any CPU.ActiveCfg = Release|Any CPU
		{CC0EB575-7035-485F-98B7-781DAB6A1C87}.Release|Any CPU.Build.0 = Release|Any CPU
		{899390B9-08FA-4D15-BE3D-BF080F6A27E0}.Debug|Any CPU.ActiveCfg = Debug|Any CPU
		{899390B9-08FA-4D15-BE3D-BF080F6A27E0}.Debug|Any CPU.Build.0 = Debug|Any CPU
		{899390B9-08FA-4D15-BE3D-BF080F6A27E0}.Release|Any CPU.ActiveCfg = Release|Any CPU
		{899390B9-08FA-4D15-BE3D-BF080F6A27E0}.Release|Any CPU.Build.0 = Release|Any CPU
		{0D933253-59B8-4807-A466-365EAA247908}.Debug|Any CPU.ActiveCfg = Debug|Any CPU
		{0D933253-59B8-4807-A466-365EAA247908}.Debug|Any CPU.Build.0 = Debug|Any CPU
		{0D933253-59B8-4807-A466-365EAA247908}.Release|Any CPU.ActiveCfg = Release|Any CPU
		{0D933253-59B8-4807-A466-365EAA247908}.Release|Any CPU.Build.0 = Release|Any CPU
		{E109F0C0-B609-4C79-9EF0-50D998D26B9B}.Debug|Any CPU.ActiveCfg = Debug|Any CPU
		{E109F0C0-B609-4C79-9EF0-50D998D26B9B}.Debug|Any CPU.Build.0 = Debug|Any CPU
		{E109F0C0-B609-4C79-9EF0-50D998D26B9B}.Release|Any CPU.ActiveCfg = Release|Any CPU
		{E109F0C0-B609-4C79-9EF0-50D998D26B9B}.Release|Any CPU.Build.0 = Release|Any CPU
		{CEA9F706-E4E5-4625-89F1-29BA1E1CBB58}.Debug|Any CPU.ActiveCfg = Debug|Any CPU
		{CEA9F706-E4E5-4625-89F1-29BA1E1CBB58}.Debug|Any CPU.Build.0 = Debug|Any CPU
		{CEA9F706-E4E5-4625-89F1-29BA1E1CBB58}.Release|Any CPU.ActiveCfg = Release|Any CPU
		{CEA9F706-E4E5-4625-89F1-29BA1E1CBB58}.Release|Any CPU.Build.0 = Release|Any CPU
		{74F4CE20-96AE-4720-8038-1FCDF9D86735}.Debug|Any CPU.ActiveCfg = Debug|Any CPU
		{74F4CE20-96AE-4720-8038-1FCDF9D86735}.Debug|Any CPU.Build.0 = Debug|Any CPU
		{74F4CE20-96AE-4720-8038-1FCDF9D86735}.Release|Any CPU.ActiveCfg = Release|Any CPU
		{74F4CE20-96AE-4720-8038-1FCDF9D86735}.Release|Any CPU.Build.0 = Release|Any CPU
		{F821A587-AC80-4EC0-B7A7-5CE0AA72E731}.Debug|Any CPU.ActiveCfg = Debug|Any CPU
		{F821A587-AC80-4EC0-B7A7-5CE0AA72E731}.Debug|Any CPU.Build.0 = Debug|Any CPU
		{F821A587-AC80-4EC0-B7A7-5CE0AA72E731}.Release|Any CPU.ActiveCfg = Release|Any CPU
		{F821A587-AC80-4EC0-B7A7-5CE0AA72E731}.Release|Any CPU.Build.0 = Release|Any CPU
	EndGlobalSection
	GlobalSection(SolutionProperties) = preSolution
		HideSolutionNode = FALSE
	EndGlobalSection
	GlobalSection(ExtensibilityGlobals) = postSolution
		SolutionGuid = {9189918E-CEAD-4E9F-A6EF-B4ADFCB49A67}
	EndGlobalSection
EndGlobal
